
Microsoft Visual Studio Solution File, Format Version 12.00
# Visual Studio Version 16
VisualStudioVersion = 16.0.29920.165
MinimumVisualStudioVersion = 10.0.40219.1
Project("{9A19103F-16F7-4668-BE54-9A1E7A4F7556}") = "Kurs", "Kurs\Kurs.csproj", "{C5F6310C-705E-4B3B-8A4D-699F8A750A30}"
EndProject
Project("{FAE04EC0-301F-11D3-BF4B-00C04F79EFBC}") = "Data", "Data\Data.csproj", "{517D4824-2231-4B67-BB02-EB4CD9F14EBA}"
EndProject
Global
	GlobalSection(SolutionConfigurationPlatforms) = preSolution
		Debug|Any CPU = Debug|Any CPU
		Release|Any CPU = Release|Any CPU
	EndGlobalSection
	GlobalSection(ProjectConfigurationPlatforms) = postSolution
		{C5F6310C-705E-4B3B-8A4D-699F8A750A30}.Debug|Any CPU.ActiveCfg = Debug|Any CPU
		{C5F6310C-705E-4B3B-8A4D-699F8A750A30}.Debug|Any CPU.Build.0 = Debug|Any CPU
		{C5F6310C-705E-4B3B-8A4D-699F8A750A30}.Release|Any CPU.ActiveCfg = Release|Any CPU
		{C5F6310C-705E-4B3B-8A4D-699F8A750A30}.Release|Any CPU.Build.0 = Release|Any CPU
		{517D4824-2231-4B67-BB02-EB4CD9F14EBA}.Debug|Any CPU.ActiveCfg = Debug|Any CPU
		{517D4824-2231-4B67-BB02-EB4CD9F14EBA}.Debug|Any CPU.Build.0 = Debug|Any CPU
		{517D4824-2231-4B67-BB02-EB4CD9F14EBA}.Release|Any CPU.ActiveCfg = Release|Any CPU
		{517D4824-2231-4B67-BB02-EB4CD9F14EBA}.Release|Any CPU.Build.0 = Release|Any CPU
	EndGlobalSection
	GlobalSection(SolutionProperties) = preSolution
		HideSolutionNode = FALSE
	EndGlobalSection
	GlobalSection(ExtensibilityGlobals) = postSolution
		SolutionGuid = {20BBC80B-8028-454A-8574-0B6ABD23D4CD}
	EndGlobalSection
EndGlobal
